
Microsoft Visual Studio Solution File, Format Version 12.00
# Visual Studio 15
VisualStudioVersion = 15.0.26730.12
MinimumVisualStudioVersion = 10.0.40219.1
Project("{FAE04EC0-301F-11D3-BF4B-00C04F79EFBC}") = "Final", "Final\Final.csproj", "{6AD040A0-5373-480D-BEE0-3AF3FD6574D1}"
EndProject
Global
	GlobalSection(SolutionConfigurationPlatforms) = preSolution
		Debug|Any CPU = Debug|Any CPU
		Release|Any CPU = Release|Any CPU
	EndGlobalSection
	GlobalSection(ProjectConfigurationPlatforms) = postSolution
		{6AD040A0-5373-480D-BEE0-3AF3FD6574D1}.Debug|Any CPU.ActiveCfg = Debug|Any CPU
		{6AD040A0-5373-480D-BEE0-3AF3FD6574D1}.Debug|Any CPU.Build.0 = Debug|Any CPU
		{6AD040A0-5373-480D-BEE0-3AF3FD6574D1}.Release|Any CPU.ActiveCfg = Release|Any CPU
		{6AD040A0-5373-480D-BEE0-3AF3FD6574D1}.Release|Any CPU.Build.0 = Release|Any CPU
	EndGlobalSection
	GlobalSection(SolutionProperties) = preSolution
		HideSolutionNode = FALSE
	EndGlobalSection
	GlobalSection(ExtensibilityGlobals) = postSolution
		SolutionGuid = {FEE2328E-8479-494D-90D6-78807062A9B4}
	EndGlobalSection
EndGlobal
